
Microsoft Visual Studio Solution File, Format Version 12.00
# Visual Studio Version 17
VisualStudioVersion = 17.9.34616.47
MinimumVisualStudioVersion = 10.0.40219.1
Project("{FAE04EC0-301F-11D3-BF4B-00C04F79EFBC}") = "2324_2Y_Integ_2B_WindowAndWindowManagement", "2324_2Y_Integ_2B_WindowAndWindowManagement\2324_2Y_Integ_2B_WindowAndWindowManagement.csproj", "{080B7E7C-69B6-4D66-AF53-324D2850605E}"
EndProject
Global
	GlobalSection(SolutionConfigurationPlatforms) = preSolution
		Debug|Any CPU = Debug|Any CPU
		Release|Any CPU = Release|Any CPU
	EndGlobalSection
	GlobalSection(ProjectConfigurationPlatforms) = postSolution
		{080B7E7C-69B6-4D66-AF53-324D2850605E}.Debug|Any CPU.ActiveCfg = Debug|Any CPU
		{080B7E7C-69B6-4D66-AF53-324D2850605E}.Debug|Any CPU.Build.0 = Debug|Any CPU
		{080B7E7C-69B6-4D66-AF53-324D2850605E}.Release|Any CPU.ActiveCfg = Release|Any CPU
		{080B7E7C-69B6-4D66-AF53-324D2850605E}.Release|Any CPU.Build.0 = Release|Any CPU
	EndGlobalSection
	GlobalSection(SolutionProperties) = preSolution
		HideSolutionNode = FALSE
	EndGlobalSection
	GlobalSection(ExtensibilityGlobals) = postSolution
		SolutionGuid = {5BE7E95D-0604-4B81-8E63-0F9C242CF206}
	EndGlobalSection
EndGlobal
